
Microsoft Visual Studio Solution File, Format Version 12.00
# Visual Studio Version 17
VisualStudioVersion = 17.5.33414.496
MinimumVisualStudioVersion = 10.0.40219.1
Project("{FAE04EC0-301F-11D3-BF4B-00C04F79EFBC}") = "HBO", "HBO\HBO.csproj", "{0E5543D4-DC98-43AE-9322-0D73E3AA0F48}"
EndProject
Global
	GlobalSection(SolutionConfigurationPlatforms) = preSolution
		Debug|Any CPU = Debug|Any CPU
		Release|Any CPU = Release|Any CPU
	EndGlobalSection
	GlobalSection(ProjectConfigurationPlatforms) = postSolution
		{0E5543D4-DC98-43AE-9322-0D73E3AA0F48}.Debug|Any CPU.ActiveCfg = Debug|Any CPU
		{0E5543D4-DC98-43AE-9322-0D73E3AA0F48}.Debug|Any CPU.Build.0 = Debug|Any CPU
		{0E5543D4-DC98-43AE-9322-0D73E3AA0F48}.Release|Any CPU.ActiveCfg = Release|Any CPU
		{0E5543D4-DC98-43AE-9322-0D73E3AA0F48}.Release|Any CPU.Build.0 = Release|Any CPU
	EndGlobalSection
	GlobalSection(SolutionProperties) = preSolution
		HideSolutionNode = FALSE
	EndGlobalSection
	GlobalSection(ExtensibilityGlobals) = postSolution
		SolutionGuid = {528CBD7B-230D-4B57-A473-BBB2315C27B2}
	EndGlobalSection
EndGlobal
